
Microsoft Visual Studio Solution File, Format Version 12.00
# Visual Studio Version 17
VisualStudioVersion = 17.0.31919.166
MinimumVisualStudioVersion = 10.0.40219.1
Project("{FAE04EC0-301F-11D3-BF4B-00C04F79EFBC}") = "PhonesShop", "PhonesShop.csproj", "{1DFD2650-9495-4048-A498-82F4CF62E880}"
EndProject
Global
	GlobalSection(SolutionConfigurationPlatforms) = preSolution
		Debug|Any CPU = Debug|Any CPU
		Release|Any CPU = Release|Any CPU
	EndGlobalSection
	GlobalSection(ProjectConfigurationPlatforms) = postSolution
		{1DFD2650-9495-4048-A498-82F4CF62E880}.Debug|Any CPU.ActiveCfg = Debug|Any CPU
		{1DFD2650-9495-4048-A498-82F4CF62E880}.Debug|Any CPU.Build.0 = Debug|Any CPU
		{1DFD2650-9495-4048-A498-82F4CF62E880}.Release|Any CPU.ActiveCfg = Release|Any CPU
		{1DFD2650-9495-4048-A498-82F4CF62E880}.Release|Any CPU.Build.0 = Release|Any CPU
	EndGlobalSection
	GlobalSection(SolutionProperties) = preSolution
		HideSolutionNode = FALSE
	EndGlobalSection
	GlobalSection(ExtensibilityGlobals) = postSolution
		SolutionGuid = {3BEC53A1-3594-48D6-83C8-2662AC2EF5B3}
	EndGlobalSection
EndGlobal
